// !$*UTF8*$!
{
	archiveVersion = 1;
	classes = {
	};
	objectVersion = 46;
	objects = {

/* Begin PBXBuildFile section */
		9A60F4081AA5BA54006C625A /* AppDelegate.swift in Sources */ = {isa = PBXBuildFile; fileRef = 9A60F4071AA5BA54006C625A /* AppDelegate.swift */; };
		9A60F40A1AA5BA54006C625A /* ViewController.swift in Sources */ = {isa = PBXBuildFile; fileRef = 9A60F4091AA5BA54006C625A /* ViewController.swift */; };
		9A60F40D1AA5BA54006C625A /* Main.storyboard in Resources */ = {isa = PBXBuildFile; fileRef = 9A60F40B1AA5BA54006C625A /* Main.storyboard */; };
		9A60F40F1AA5BA54006C625A /* Images.xcassets in Resources */ = {isa = PBXBuildFile; fileRef = 9A60F40E1AA5BA54006C625A /* Images.xcassets */; };
		9A60F4121AA5BA54006C625A /* LaunchScreen.xib in Resources */ = {isa = PBXBuildFile; fileRef = 9A60F4101AA5BA54006C625A /* LaunchScreen.xib */; };
		9A60F41E1AA5BA55006C625A /* TarotTests.swift in Sources */ = {isa = PBXBuildFile; fileRef = 9A60F41D1AA5BA55006C625A /* TarotTests.swift */; };
		9A60F4401AA5BA97006C625A /* Chariot.jpg in Resources */ = {isa = PBXBuildFile; fileRef = 9A60F42A1AA5BA97006C625A /* Chariot.jpg */; };
		9A60F4411AA5BA97006C625A /* Death.jpg in Resources */ = {isa = PBXBuildFile; fileRef = 9A60F42B1AA5BA97006C625A /* Death.jpg */; };
		9A60F4421AA5BA97006C625A /* Devil.jpg in Resources */ = {isa = PBXBuildFile; fileRef = 9A60F42C1AA5BA97006C625A /* Devil.jpg */; };
		9A60F4431AA5BA97006C625A /* Emperor.jpg in Resources */ = {isa = PBXBuildFile; fileRef = 9A60F42D1AA5BA97006C625A /* Emperor.jpg */; };
		9A60F4441AA5BA97006C625A /* Empress.jpg in Resources */ = {isa = PBXBuildFile; fileRef = 9A60F42E1AA5BA97006C625A /* Empress.jpg */; };
		9A60F4451AA5BA97006C625A /* Fool.jpg in Resources */ = {isa = PBXBuildFile; fileRef = 9A60F42F1AA5BA97006C625A /* Fool.jpg */; };
		9A60F4461AA5BA97006C625A /* HangedMan.jpg in Resources */ = {isa = PBXBuildFile; fileRef = 9A60F4301AA5BA97006C625A /* HangedMan.jpg */; };
		9A60F4471AA5BA97006C625A /* Heirophant.jpg in Resources */ = {isa = PBXBuildFile; fileRef = 9A60F4311AA5BA97006C625A /* Heirophant.jpg */; };
		9A60F4481AA5BA97006C625A /* Hermit.jpg in Resources */ = {isa = PBXBuildFile; fileRef = 9A60F4321AA5BA97006C625A /* Hermit.jpg */; };
		9A60F4491AA5BA97006C625A /* HighPriestess.jpg in Resources */ = {isa = PBXBuildFile; fileRef = 9A60F4331AA5BA97006C625A /* HighPriestess.jpg */; };
		9A60F44A1AA5BA97006C625A /* Judgement.jpg in Resources */ = {isa = PBXBuildFile; fileRef = 9A60F4341AA5BA97006C625A /* Judgement.jpg */; };
		9A60F44B1AA5BA97006C625A /* Justice.jpg in Resources */ = {isa = PBXBuildFile; fileRef = 9A60F4351AA5BA97006C625A /* Justice.jpg */; };
		9A60F44C1AA5BA97006C625A /* Lovers.jpg in Resources */ = {isa = PBXBuildFile; fileRef = 9A60F4361AA5BA97006C625A /* Lovers.jpg */; };
		9A60F44D1AA5BA97006C625A /* Magician.jpg in Resources */ = {isa = PBXBuildFile; fileRef = 9A60F4371AA5BA97006C625A /* Magician.jpg */; };
		9A60F44E1AA5BA97006C625A /* Moon.jpg in Resources */ = {isa = PBXBuildFile; fileRef = 9A60F4381AA5BA97006C625A /* Moon.jpg */; };
		9A60F44F1AA5BA97006C625A /* Star.jpg in Resources */ = {isa = PBXBuildFile; fileRef = 9A60F4391AA5BA97006C625A /* Star.jpg */; };
		9A60F4501AA5BA97006C625A /* Strength.jpg in Resources */ = {isa = PBXBuildFile; fileRef = 9A60F43A1AA5BA97006C625A /* Strength.jpg */; };
		9A60F4511AA5BA97006C625A /* Sun.jpg in Resources */ = {isa = PBXBuildFile; fileRef = 9A60F43B1AA5BA97006C625A /* Sun.jpg */; };
		9A60F4521AA5BA97006C625A /* Temperance.jpg in Resources */ = {isa = PBXBuildFile; fileRef = 9A60F43C1AA5BA97006C625A /* Temperance.jpg */; };
		9A60F4531AA5BA97006C625A /* Tower.jpg in Resources */ = {isa = PBXBuildFile; fileRef = 9A60F43D1AA5BA97006C625A /* Tower.jpg */; };
		9A60F4541AA5BA97006C625A /* WheelOfFortune.jpg in Resources */ = {isa = PBXBuildFile; fileRef = 9A60F43E1AA5BA97006C625A /* WheelOfFortune.jpg */; };
		9A60F4551AA5BA97006C625A /* World.jpg in Resources */ = {isa = PBXBuildFile; fileRef = 9A60F43F1AA5BA97006C625A /* World.jpg */; };
		9A60F4581AA5C192006C625A /* Model.swift in Sources */ = {isa = PBXBuildFile; fileRef = 9A60F4571AA5C192006C625A /* Model.swift */; };
/* End PBXBuildFile section */

/* Begin PBXContainerItemProxy section */
		9A60F4181AA5BA55006C625A /* PBXContainerItemProxy */ = {
			isa = PBXContainerItemProxy;
			containerPortal = 9A60F3FA1AA5BA54006C625A /* Project object */;
			proxyType = 1;
			remoteGlobalIDString = 9A60F4011AA5BA54006C625A;
			remoteInfo = Tarot;
		};
/* End PBXContainerItemProxy section */

/* Begin PBXFileReference section */
		9A60F4021AA5BA54006C625A /* Tarot.app */ = {isa = PBXFileReference; explicitFileType = wrapper.application; includeInIndex = 0; path = Tarot.app; sourceTree = BUILT_PRODUCTS_DIR; };
		9A60F4061AA5BA54006C625A /* Info.plist */ = {isa = PBXFileReference; lastKnownFileType = text.plist.xml; path = Info.plist; sourceTree = "<group>"; };
		9A60F4071AA5BA54006C625A /* AppDelegate.swift */ = {isa = PBXFileReference; lastKnownFileType = sourcecode.swift; path = AppDelegate.swift; sourceTree = "<group>"; };
		9A60F4091AA5BA54006C625A /* ViewController.swift */ = {isa = PBXFileReference; lastKnownFileType = sourcecode.swift; path = ViewController.swift; sourceTree = "<group>"; };
		9A60F40C1AA5BA54006C625A /* Base */ = {isa = PBXFileReference; lastKnownFileType = file.storyboard; name = Base; path = Base.lproj/Main.storyboard; sourceTree = "<group>"; };
		9A60F40E1AA5BA54006C625A /* Images.xcassets */ = {isa = PBXFileReference; lastKnownFileType = folder.assetcatalog; path = Images.xcassets; sourceTree = "<group>"; };
		9A60F4111AA5BA54006C625A /* Base */ = {isa = PBXFileReference; lastKnownFileType = file.xib; name = Base; path = Base.lproj/LaunchScreen.xib; sourceTree = "<group>"; };
		9A60F4171AA5BA55006C625A /* TarotTests.xctest */ = {isa = PBXFileReference; explicitFileType = wrapper.cfbundle; includeInIndex = 0; path = TarotTests.xctest; sourceTree = BUILT_PRODUCTS_DIR; };
		9A60F41C1AA5BA55006C625A /* Info.plist */ = {isa = PBXFileReference; lastKnownFileType = text.plist.xml; path = Info.plist; sourceTree = "<group>"; };
		9A60F41D1AA5BA55006C625A /* TarotTests.swift */ = {isa = PBXFileReference; lastKnownFileType = sourcecode.swift; path = TarotTests.swift; sourceTree = "<group>"; };
		9A60F42A1AA5BA97006C625A /* Chariot.jpg */ = {isa = PBXFileReference; lastKnownFileType = image.jpeg; path = Chariot.jpg; sourceTree = "<group>"; };
		9A60F42B1AA5BA97006C625A /* Death.jpg */ = {isa = PBXFileReference; lastKnownFileType = image.jpeg; path = Death.jpg; sourceTree = "<group>"; };
		9A60F42C1AA5BA97006C625A /* Devil.jpg */ = {isa = PBXFileReference; lastKnownFileType = image.jpeg; path = Devil.jpg; sourceTree = "<group>"; };
		9A60F42D1AA5BA97006C625A /* Emperor.jpg */ = {isa = PBXFileReference; lastKnownFileType = image.jpeg; path = Emperor.jpg; sourceTree = "<group>"; };
		9A60F42E1AA5BA97006C625A /* Empress.jpg */ = {isa = PBXFileReference; lastKnownFileType = image.jpeg; path = Empress.jpg; sourceTree = "<group>"; };
		9A60F42F1AA5BA97006C625A /* Fool.jpg */ = {isa = PBXFileReference; lastKnownFileType = image.jpeg; path = Fool.jpg; sourceTree = "<group>"; };
		9A60F4301AA5BA97006C625A /* HangedMan.jpg */ = {isa = PBXFileReference; lastKnownFileType = image.jpeg; path = HangedMan.jpg; sourceTree = "<group>"; };
		9A60F4311AA5BA97006C625A /* Heirophant.jpg */ = {isa = PBXFileReference; lastKnownFileType = image.jpeg; path = Heirophant.jpg; sourceTree = "<group>"; };
		9A60F4321AA5BA97006C625A /* Hermit.jpg */ = {isa = PBXFileReference; lastKnownFileType = image.jpeg; path = Hermit.jpg; sourceTree = "<group>"; };
		9A60F4331AA5BA97006C625A /* HighPriestess.jpg */ = {isa = PBXFileReference; lastKnownFileType = image.jpeg; path = HighPriestess.jpg; sourceTree = "<group>"; };
		9A60F4341AA5BA97006C625A /* Judgement.jpg */ = {isa = PBXFileReference; lastKnownFileType = image.jpeg; path = Judgement.jpg; sourceTree = "<group>"; };
		9A60F4351AA5BA97006C625A /* Justice.jpg */ = {isa = PBXFileReference; lastKnownFileType = image.jpeg; path = Justice.jpg; sourceTree = "<group>"; };
		9A60F4361AA5BA97006C625A /* Lovers.jpg */ = {isa = PBXFileReference; lastKnownFileType = image.jpeg; path = Lovers.jpg; sourceTree = "<group>"; };
		9A60F4371AA5BA97006C625A /* Magician.jpg */ = {isa = PBXFileReference; lastKnownFileType = image.jpeg; path = Magician.jpg; sourceTree = "<group>"; };
		9A60F4381AA5BA97006C625A /* Moon.jpg */ = {isa = PBXFileReference; lastKnownFileType = image.jpeg; path = Moon.jpg; sourceTree = "<group>"; };
		9A60F4391AA5BA97006C625A /* Star.jpg */ = {isa = PBXFileReference; lastKnownFileType = image.jpeg; path = Star.jpg; sourceTree = "<group>"; };
		9A60F43A1AA5BA97006C625A /* Strength.jpg */ = {isa = PBXFileReference; lastKnownFileType = image.jpeg; path = Strength.jpg; sourceTree = "<group>"; };
		9A60F43B1AA5BA97006C625A /* Sun.jpg */ = {isa = PBXFileReference; lastKnownFileType = image.jpeg; path = Sun.jpg; sourceTree = "<group>"; };
		9A60F43C1AA5BA97006C625A /* Temperance.jpg */ = {isa = PBXFileReference; lastKnownFileType = image.jpeg; path = Temperance.jpg; sourceTree = "<group>"; };
		9A60F43D1AA5BA97006C625A /* Tower.jpg */ = {isa = PBXFileReference; lastKnownFileType = image.jpeg; path = Tower.jpg; sourceTree = "<group>"; };
		9A60F43E1AA5BA97006C625A /* WheelOfFortune.jpg */ = {isa = PBXFileReference; lastKnownFileType = image.jpeg; path = WheelOfFortune.jpg; sourceTree = "<group>"; };
		9A60F43F1AA5BA97006C625A /* World.jpg */ = {isa = PBXFileReference; lastKnownFileType = image.jpeg; path = World.jpg; sourceTree = "<group>"; };
		9A60F4571AA5C192006C625A /* Model.swift */ = {isa = PBXFileReference; fileEncoding = 4; lastKnownFileType = sourcecode.swift; path = Model.swift; sourceTree = "<group>"; };
/* End PBXFileReference section */

/* Begin PBXFrameworksBuildPhase section */
		9A60F3FF1AA5BA54006C625A /* Frameworks */ = {
			isa = PBXFrameworksBuildPhase;
			buildActionMask = 2147483647;
			files = (
			);
			runOnlyForDeploymentPostprocessing = 0;
		};
		9A60F4141AA5BA55006C625A /* Frameworks */ = {
			isa = PBXFrameworksBuildPhase;
			buildActionMask = 2147483647;
			files = (
			);
			runOnlyForDeploymentPostprocessing = 0;
		};
/* End PBXFrameworksBuildPhase section */

/* Begin PBXGroup section */
		9A60F3F91AA5BA54006C625A = {
			isa = PBXGroup;
			children = (
				9A60F4041AA5BA54006C625A /* Tarot */,
				9A60F41A1AA5BA55006C625A /* TarotTests */,
				9A60F4031AA5BA54006C625A /* Products */,
			);
			sourceTree = "<group>";
		};
		9A60F4031AA5BA54006C625A /* Products */ = {
			isa = PBXGroup;
			children = (
				9A60F4021AA5BA54006C625A /* Tarot.app */,
				9A60F4171AA5BA55006C625A /* TarotTests.xctest */,
			);
			name = Products;
			sourceTree = "<group>";
		};
		9A60F4041AA5BA54006C625A /* Tarot */ = {
			isa = PBXGroup;
			children = (
				9A60F45A1AA691CC006C625A /* Controller */,
				9A60F4561AA5C173006C625A /* Model */,
				9A60F4271AA5BA71006C625A /* Images */,
				9A60F4071AA5BA54006C625A /* AppDelegate.swift */,
				9A60F40B1AA5BA54006C625A /* Main.storyboard */,
				9A60F40E1AA5BA54006C625A /* Images.xcassets */,
				9A60F4101AA5BA54006C625A /* LaunchScreen.xib */,
				9A60F4051AA5BA54006C625A /* Supporting Files */,
			);
			path = Tarot;
			sourceTree = "<group>";
		};
		9A60F4051AA5BA54006C625A /* Supporting Files */ = {
			isa = PBXGroup;
			children = (
				9A60F4061AA5BA54006C625A /* Info.plist */,
			);
			name = "Supporting Files";
			sourceTree = "<group>";
		};
		9A60F41A1AA5BA55006C625A /* TarotTests */ = {
			isa = PBXGroup;
			children = (
				9A60F41D1AA5BA55006C625A /* TarotTests.swift */,
				9A60F41B1AA5BA55006C625A /* Supporting Files */,
			);
			path = TarotTests;
			sourceTree = "<group>";
		};
		9A60F41B1AA5BA55006C625A /* Supporting Files */ = {
			isa = PBXGroup;
			children = (
				9A60F41C1AA5BA55006C625A /* Info.plist */,
			);
			name = "Supporting Files";
			sourceTree = "<group>";
		};
		9A60F4271AA5BA71006C625A /* Images */ = {
			isa = PBXGroup;
			children = (
				9A60F4281AA5BA7B006C625A /* MajorArcana */,
			);
			name = Images;
			sourceTree = "<group>";
		};
		9A60F4281AA5BA7B006C625A /* MajorArcana */ = {
			isa = PBXGroup;
			children = (
				9A60F4291AA5BA97006C625A /* tarotImages(1) */,
			);
			name = MajorArcana;
			sourceTree = "<group>";
		};
		9A60F4291AA5BA97006C625A /* tarotImages(1) */ = {
			isa = PBXGroup;
			children = (
				9A60F42A1AA5BA97006C625A /* Chariot.jpg */,
				9A60F42B1AA5BA97006C625A /* Death.jpg */,
				9A60F42C1AA5BA97006C625A /* Devil.jpg */,
				9A60F42D1AA5BA97006C625A /* Emperor.jpg */,
				9A60F42E1AA5BA97006C625A /* Empress.jpg */,
				9A60F42F1AA5BA97006C625A /* Fool.jpg */,
				9A60F4301AA5BA97006C625A /* HangedMan.jpg */,
				9A60F4311AA5BA97006C625A /* Heirophant.jpg */,
				9A60F4321AA5BA97006C625A /* Hermit.jpg */,
				9A60F4331AA5BA97006C625A /* HighPriestess.jpg */,
				9A60F4341AA5BA97006C625A /* Judgement.jpg */,
				9A60F4351AA5BA97006C625A /* Justice.jpg */,
				9A60F4361AA5BA97006C625A /* Lovers.jpg */,
				9A60F4371AA5BA97006C625A /* Magician.jpg */,
				9A60F4381AA5BA97006C625A /* Moon.jpg */,
				9A60F4391AA5BA97006C625A /* Star.jpg */,
				9A60F43A1AA5BA97006C625A /* Strength.jpg */,
				9A60F43B1AA5BA97006C625A /* Sun.jpg */,
				9A60F43C1AA5BA97006C625A /* Temperance.jpg */,
				9A60F43D1AA5BA97006C625A /* Tower.jpg */,
				9A60F43E1AA5BA97006C625A /* WheelOfFortune.jpg */,
				9A60F43F1AA5BA97006C625A /* World.jpg */,
			);
			name = "tarotImages(1)";
			path = "../../../../Google Drive/Uni Work (dropbox mirror)/Year 3/iOS Software Engineering/Tutorials/tarotImages(1)";
			sourceTree = "<group>";
		};
		9A60F4561AA5C173006C625A /* Model */ = {
			isa = PBXGroup;
			children = (
				9A60F4571AA5C192006C625A /* Model.swift */,
			);
			name = Model;
			sourceTree = "<group>";
		};
		9A60F45A1AA691CC006C625A /* Controller */ = {
			isa = PBXGroup;
			children = (
				9A60F4091AA5BA54006C625A /* ViewController.swift */,
			);
			name = Controller;
			sourceTree = "<group>";
		};
/* End PBXGroup section */

/* Begin PBXNativeTarget section */
		9A60F4011AA5BA54006C625A /* Tarot */ = {
			isa = PBXNativeTarget;
			buildConfigurationList = 9A60F4211AA5BA55006C625A /* Build configuration list for PBXNativeTarget "Tarot" */;
			buildPhases = (
				9A60F3FE1AA5BA54006C625A /* Sources */,
				9A60F3FF1AA5BA54006C625A /* Frameworks */,
				9A60F4001AA5BA54006C625A /* Resources */,
			);
			buildRules = (
			);
			dependencies = (
			);
			name = Tarot;
			productName = Tarot;
			productReference = 9A60F4021AA5BA54006C625A /* Tarot.app */;
			productType = "com.apple.product-type.application";
		};
		9A60F4161AA5BA55006C625A /* TarotTests */ = {
			isa = PBXNativeTarget;
			buildConfigurationList = 9A60F4241AA5BA55006C625A /* Build configuration list for PBXNativeTarget "TarotTests" */;
			buildPhases = (
				9A60F4131AA5BA55006C625A /* Sources */,
				9A60F4141AA5BA55006C625A /* Frameworks */,
				9A60F4151AA5BA55006C625A /* Resources */,
			);
			buildRules = (
			);
			dependencies = (
				9A60F4191AA5BA55006C625A /* PBXTargetDependency */,
			);
			name = TarotTests;
			productName = TarotTests;
			productReference = 9A60F4171AA5BA55006C625A /* TarotTests.xctest */;
			productType = "com.apple.product-type.bundle.unit-test";
		};
/* End PBXNativeTarget section */

/* Begin PBXProject section */
		9A60F3FA1AA5BA54006C625A /* Project object */ = {
			isa = PBXProject;
			attributes = {
				LastUpgradeCheck = 0610;
				ORGANIZATIONNAME = "Alexei Gudimenko";
				TargetAttributes = {
					9A60F4011AA5BA54006C625A = {
						CreatedOnToolsVersion = 6.1.1;
					};
					9A60F4161AA5BA55006C625A = {
						CreatedOnToolsVersion = 6.1.1;
						TestTargetID = 9A60F4011AA5BA54006C625A;
					};
				};
			};
			buildConfigurationList = 9A60F3FD1AA5BA54006C625A /* Build configuration list for PBXProject "Tarot" */;
			compatibilityVersion = "Xcode 3.2";
			developmentRegion = English;
			hasScannedForEncodings = 0;
			knownRegions = (
				en,
				Base,
			);
			mainGroup = 9A60F3F91AA5BA54006C625A;
			productRefGroup = 9A60F4031AA5BA54006C625A /* Products */;
			projectDirPath = "";
			projectRoot = "";
			targets = (
				9A60F4011AA5BA54006C625A /* Tarot */,
				9A60F4161AA5BA55006C625A /* TarotTests */,
			);
		};
/* End PBXProject section */

/* Begin PBXResourcesBuildPhase section */
		9A60F4001AA5BA54006C625A /* Resources */ = {
			isa = PBXResourcesBuildPhase;
			buildActionMask = 2147483647;
			files = (
				9A60F4401AA5BA97006C625A /* Chariot.jpg in Resources */,
				9A60F4441AA5BA97006C625A /* Empress.jpg in Resources */,
				9A60F44E1AA5BA97006C625A /* Moon.jpg in Resources */,
				9A60F4551AA5BA97006C625A /* World.jpg in Resources */,
				9A60F4511AA5BA97006C625A /* Sun.jpg in Resources */,
				9A60F4451AA5BA97006C625A /* Fool.jpg in Resources */,
				9A60F4431AA5BA97006C625A /* Emperor.jpg in Resources */,
				9A60F44F1AA5BA97006C625A /* Star.jpg in Resources */,
				9A60F4521AA5BA97006C625A /* Temperance.jpg in Resources */,
				9A60F44C1AA5BA97006C625A /* Lovers.jpg in Resources */,
				9A60F4491AA5BA97006C625A /* HighPriestess.jpg in Resources */,
				9A60F44B1AA5BA97006C625A /* Justice.jpg in Resources */,
				9A60F4411AA5BA97006C625A /* Death.jpg in Resources */,
				9A60F4501AA5BA97006C625A /* Strength.jpg in Resources */,
				9A60F4421AA5BA97006C625A /* Devil.jpg in Resources */,
				9A60F44A1AA5BA97006C625A /* Judgement.jpg in Resources */,
				9A60F4481AA5BA97006C625A /* Hermit.jpg in Resources */,
				9A60F40D1AA5BA54006C625A /* Main.storyboard in Resources */,
				9A60F4121AA5BA54006C625A /* LaunchScreen.xib in Resources */,
				9A60F4531AA5BA97006C625A /* Tower.jpg in Resources */,
				9A60F44D1AA5BA97006C625A /* Magician.jpg in Resources */,
				9A60F4471AA5BA97006C625A /* Heirophant.jpg in Resources */,
				9A60F40F1AA5BA54006C625A /* Images.xcassets in Resources */,
				9A60F4541AA5BA97006C625A /* WheelOfFortune.jpg in Resources */,
				9A60F4461AA5BA97006C625A /* HangedMan.jpg in Resources */,
			);
			runOnlyForDeploymentPostprocessing = 0;
		};
		9A60F4151AA5BA55006C625A /* Resources */ = {
			isa = PBXResourcesBuildPhase;
			buildActionMask = 2147483647;
			files = (
			);
			runOnlyForDeploymentPostprocessing = 0;
		};
/* End PBXResourcesBuildPhase section */

/* Begin PBXSourcesBuildPhase section */
		9A60F3FE1AA5BA54006C625A /* Sources */ = {
			isa = PBXSourcesBuildPhase;
			buildActionMask = 2147483647;
			files = (
				9A60F4581AA5C192006C625A /* Model.swift in Sources */,
				9A60F40A1AA5BA54006C625A /* ViewController.swift in Sources */,
				9A60F4081AA5BA54006C625A /* AppDelegate.swift in Sources */,
			);
			runOnlyForDeploymentPostprocessing = 0;
		};
		9A60F4131AA5BA55006C625A /* Sources */ = {
			isa = PBXSourcesBuildPhase;
			buildActionMask = 2147483647;
			files = (
				9A60F41E1AA5BA55006C625A /* TarotTests.swift in Sources */,
			);
			runOnlyForDeploymentPostprocessing = 0;
		};
/* End PBXSourcesBuildPhase section */

/* Begin PBXTargetDependency section */
		9A60F4191AA5BA55006C625A /* PBXTargetDependency */ = {
			isa = PBXTargetDependency;
			target = 9A60F4011AA5BA54006C625A /* Tarot */;
			targetProxy = 9A60F4181AA5BA55006C625A /* PBXContainerItemProxy */;
		};
/* End PBXTargetDependency section */

/* Begin PBXVariantGroup section */
		9A60F40B1AA5BA54006C625A /* Main.storyboard */ = {
			isa = PBXVariantGroup;
			children = (
				9A60F40C1AA5BA54006C625A /* Base */,
			);
			name = Main.storyboard;
			sourceTree = "<group>";
		};
		9A60F4101AA5BA54006C625A /* LaunchScreen.xib */ = {
			isa = PBXVariantGroup;
			children = (
				9A60F4111AA5BA54006C625A /* Base */,
			);
			name = LaunchScreen.xib;
			sourceTree = "<group>";
		};
/* End PBXVariantGroup section */

/* Begin XCBuildConfiguration section */
		9A60F41F1AA5BA55006C625A /* Debug */ = {
			isa = XCBuildConfiguration;
			buildSettings = {
				ALWAYS_SEARCH_USER_PATHS = NO;
				CLANG_CXX_LANGUAGE_STANDARD = "gnu++0x";
				CLANG_CXX_LIBRARY = "libc++";
				CLANG_ENABLE_MODULES = YES;
				CLANG_ENABLE_OBJC_ARC = YES;
				CLANG_WARN_BOOL_CONVERSION = YES;
				CLANG_WARN_CONSTANT_CONVERSION = YES;
				CLANG_WARN_DIRECT_OBJC_ISA_USAGE = YES_ERROR;
				CLANG_WARN_EMPTY_BODY = YES;
				CLANG_WARN_ENUM_CONVERSION = YES;
				CLANG_WARN_INT_CONVERSION = YES;
				CLANG_WARN_OBJC_ROOT_CLASS = YES_ERROR;
				CLANG_WARN_UNREACHABLE_CODE = YES;
				CLANG_WARN__DUPLICATE_METHOD_MATCH = YES;
				"CODE_SIGN_IDENTITY[sdk=iphoneos*]" = "iPhone Developer";
				COPY_PHASE_STRIP = NO;
				ENABLE_STRICT_OBJC_MSGSEND = YES;
				GCC_C_LANGUAGE_STANDARD = gnu99;
				GCC_DYNAMIC_NO_PIC = NO;
				GCC_OPTIMIZATION_LEVEL = 0;
				GCC_PREPROCESSOR_DEFINITIONS = (
					"DEBUG=1",
					"$(inherited)",
				);
				GCC_SYMBOLS_PRIVATE_EXTERN = NO;
				GCC_WARN_64_TO_32_BIT_CONVERSION = YES;
				GCC_WARN_ABOUT_RETURN_TYPE = YES_ERROR;
				GCC_WARN_UNDECLARED_SELECTOR = YES;
				GCC_WARN_UNINITIALIZED_AUTOS = YES_AGGRESSIVE;
				GCC_WARN_UNUSED_FUNCTION = YES;
				GCC_WARN_UNUSED_VARIABLE = YES;
				IPHONEOS_DEPLOYMENT_TARGET = 8.1;
				MTL_ENABLE_DEBUG_INFO = YES;
				ONLY_ACTIVE_ARCH = YES;
				SDKROOT = iphoneos;
				SWIFT_OPTIMIZATION_LEVEL = "-Onone";
				TARGETED_DEVICE_FAMILY = "1,2";
			};
			name = Debug;
		};
		9A60F4201AA5BA55006C625A /* Release */ = {
			isa = XCBuildConfiguration;
			buildSettings = {
				ALWAYS_SEARCH_USER_PATHS = NO;
				CLANG_CXX_LANGUAGE_STANDARD = "gnu++0x";
				CLANG_CXX_LIBRARY = "libc++";
				CLANG_ENABLE_MODULES = YES;
				CLANG_ENABLE_OBJC_ARC = YES;
				CLANG_WARN_BOOL_CONVERSION = YES;
				CLANG_WARN_CONSTANT_CONVERSION = YES;
				CLANG_WARN_DIRECT_OBJC_ISA_USAGE = YES_ERROR;
				CLANG_WARN_EMPTY_BODY = YES;
				CLANG_WARN_ENUM_CONVERSION = YES;
				CLANG_WARN_INT_CONVERSION = YES;
				CLANG_WARN_OBJC_ROOT_CLASS = YES_ERROR;
				CLANG_WARN_UNREACHABLE_CODE = YES;
				CLANG_WARN__DUPLICATE_METHOD_MATCH = YES;
				"CODE_SIGN_IDENTITY[sdk=iphoneos*]" = "iPhone Developer";
				COPY_PHASE_STRIP = YES;
				ENABLE_NS_ASSERTIONS = NO;
				ENABLE_STRICT_OBJC_MSGSEND = YES;
				GCC_C_LANGUAGE_STANDARD = gnu99;
				GCC_WARN_64_TO_32_BIT_CONVERSION = YES;
				GCC_WARN_ABOUT_RETURN_TYPE = YES_ERROR;
				GCC_WARN_UNDECLARED_SELECTOR = YES;
				GCC_WARN_UNINITIALIZED_AUTOS = YES_AGGRESSIVE;
				GCC_WARN_UNUSED_FUNCTION = YES;
				GCC_WARN_UNUSED_VARIABLE = YES;
				IPHONEOS_DEPLOYMENT_TARGET = 8.1;
				MTL_ENABLE_DEBUG_INFO = NO;
				SDKROOT = iphoneos;
				TARGETED_DEVICE_FAMILY = "1,2";
				VALIDATE_PRODUCT = YES;
			};
			name = Release;
		};
		9A60F4221AA5BA55006C625A /* Debug */ = {
			isa = XCBuildConfiguration;
			buildSettings = {
				ASSETCATALOG_COMPILER_APPICON_NAME = AppIcon;
				INFOPLIST_FILE = Tarot/Info.plist;
				LD_RUNPATH_SEARCH_PATHS = "$(inherited) @executable_path/Frameworks";
				PRODUCT_NAME = "$(TARGET_NAME)";
			};
			name = Debug;
		};
		9A60F4231AA5BA55006C625A /* Release */ = {
			isa = XCBuildConfiguration;
			buildSettings = {
				ASSETCATALOG_COMPILER_APPICON_NAME = AppIcon;
				INFOPLIST_FILE = Tarot/Info.plist;
				LD_RUNPATH_SEARCH_PATHS = "$(inherited) @executable_path/Frameworks";
				PRODUCT_NAME = "$(TARGET_NAME)";
			};
			name = Release;
		};
		9A60F4251AA5BA55006C625A /* Debug */ = {
			isa = XCBuildConfiguration;
			buildSettings = {
				BUNDLE_LOADER = "$(TEST_HOST)";
				FRAMEWORK_SEARCH_PATHS = (
					"$(SDKROOT)/Developer/Library/Frameworks",
					"$(inherited)",
				);
				GCC_PREPROCESSOR_DEFINITIONS = (
					"DEBUG=1",
					"$(inherited)",
				);
				INFOPLIST_FILE = TarotTests/Info.plist;
				LD_RUNPATH_SEARCH_PATHS = "$(inherited) @executable_path/Frameworks @loader_path/Frameworks";
				PRODUCT_NAME = "$(TARGET_NAME)";
				TEST_HOST = "$(BUILT_PRODUCTS_DIR)/Tarot.app/Tarot";
			};
			name = Debug;
		};
		9A60F4261AA5BA55006C625A /* Release */ = {
			isa = XCBuildConfiguration;
			buildSettings = {
				BUNDLE_LOADER = "$(TEST_HOST)";
				FRAMEWORK_SEARCH_PATHS = (
					"$(SDKROOT)/Developer/Library/Frameworks",
					"$(inherited)",
				);
				INFOPLIST_FILE = TarotTests/Info.plist;
				LD_RUNPATH_SEARCH_PATHS = "$(inherited) @executable_path/Frameworks @loader_path/Frameworks";
				PRODUCT_NAME = "$(TARGET_NAME)";
				TEST_HOST = "$(BUILT_PRODUCTS_DIR)/Tarot.app/Tarot";
			};
			name = Release;
		};
/* End XCBuildConfiguration section */

/* Begin XCConfigurationList section */
		9A60F3FD1AA5BA54006C625A /* Build configuration list for PBXProject "Tarot" */ = {
			isa = XCConfigurationList;
			buildConfigurations = (
				9A60F41F1AA5BA55006C625A /* Debug */,
				9A60F4201AA5BA55006C625A /* Release */,
			);
			defaultConfigurationIsVisible = 0;
			defaultConfigurationName = Release;
		};
		9A60F4211AA5BA55006C625A /* Build configuration list for PBXNativeTarget "Tarot" */ = {
			isa = XCConfigurationList;
			buildConfigurations = (
				9A60F4221AA5BA55006C625A /* Debug */,
				9A60F4231AA5BA55006C625A /* Release */,
			);
			defaultConfigurationIsVisible = 0;
			defaultConfigurationName = Release;
		};
		9A60F4241AA5BA55006C625A /* Build configuration list for PBXNativeTarget "TarotTests" */ = {
			isa = XCConfigurationList;
			buildConfigurations = (
				9A60F4251AA5BA55006C625A /* Debug */,
				9A60F4261AA5BA55006C625A /* Release */,
			);
			defaultConfigurationIsVisible = 0;
			defaultConfigurationName = Release;
		};
/* End XCConfigurationList section */
	};
	rootObject = 9A60F3FA1AA5BA54006C625A /* Project object */;
}
